
Microsoft Visual Studio Solution File, Format Version 12.00
# Visual Studio 14
VisualStudioVersion = 14.0.25420.1
MinimumVisualStudioVersion = 10.0.40219.1
Project("{2150E333-8FDC-42A3-9474-1A3956D46DE8}") = "src", "src", "{037440DE-440B-4129-9F7A-09B42D00397E}"
EndProject
Project("{2150E333-8FDC-42A3-9474-1A3956D46DE8}") = "assets", "assets", "{E9D1B5E1-DEB9-4A04-8BAB-24EC7240ADAF}"
	ProjectSection(SolutionItems) = preProject
		.editorconfig = .editorconfig
		Build.ps1 = Build.ps1
		assets\CommonAssemblyInfo.cs = assets\CommonAssemblyInfo.cs
		README.md = README.md
	EndProjectSection
EndProject
Project("{2150E333-8FDC-42A3-9474-1A3956D46DE8}") = "global", "global", "{FDF191F9-6C3A-4F48-802C-71E2A707BFC5}"
	ProjectSection(SolutionItems) = preProject
		src\Serilog.Sinks.MongoDB2\global.json = src\Serilog.Sinks.MongoDB2\global.json
	EndProjectSection
EndProject
Project("{8BB2217D-0F2D-49D1-97BC-3654ED321F3B}") = "Serilog.Sinks.MongoDB", "src\Serilog.Sinks.MongoDB\Serilog.Sinks.MongoDB.xproj", "{2605ED8C-C12A-42FB-9825-32FFEA7B4301}"
EndProject
Project("{2150E333-8FDC-42A3-9474-1A3956D46DE8}") = "test", "test", "{74E9703C-1242-4EC0-B75B-88BFAA48D438}"
EndProject
Global
	GlobalSection(SolutionConfigurationPlatforms) = preSolution
		Debug|Any CPU = Debug|Any CPU
		Release|Any CPU = Release|Any CPU
	EndGlobalSection
	GlobalSection(ProjectConfigurationPlatforms) = postSolution
		{2605ED8C-C12A-42FB-9825-32FFEA7B4301}.Debug|Any CPU.ActiveCfg = Debug|Any CPU
		{2605ED8C-C12A-42FB-9825-32FFEA7B4301}.Debug|Any CPU.Build.0 = Debug|Any CPU
		{2605ED8C-C12A-42FB-9825-32FFEA7B4301}.Release|Any CPU.ActiveCfg = Release|Any CPU
		{2605ED8C-C12A-42FB-9825-32FFEA7B4301}.Release|Any CPU.Build.0 = Release|Any CPU
	EndGlobalSection
	GlobalSection(SolutionProperties) = preSolution
		HideSolutionNode = FALSE
	EndGlobalSection
	GlobalSection(NestedProjects) = preSolution
		{2605ED8C-C12A-42FB-9825-32FFEA7B4301} = {037440DE-440B-4129-9F7A-09B42D00397E}
	EndGlobalSection
EndGlobal
